
Microsoft Visual Studio Solution File, Format Version 12.00
# Visual Studio Version 17
VisualStudioVersion = 17.10.35013.160
MinimumVisualStudioVersion = 10.0.40219.1
Project("{9A19103F-16F7-4668-BE54-9A1E7A4F7556}") = "NeoParacosm", "NeoParacosm.csproj", "{51A665CF-976A-4FD6-9192-253714ABC1FD}"
EndProject
Global
	GlobalSection(SolutionConfigurationPlatforms) = preSolution
		Debug|Any CPU = Debug|Any CPU
		Release|Any CPU = Release|Any CPU
	EndGlobalSection
	GlobalSection(ProjectConfigurationPlatforms) = postSolution
		{51A665CF-976A-4FD6-9192-253714ABC1FD}.Debug|Any CPU.ActiveCfg = Debug|Any CPU
		{51A665CF-976A-4FD6-9192-253714ABC1FD}.Debug|Any CPU.Build.0 = Debug|Any CPU
		{51A665CF-976A-4FD6-9192-253714ABC1FD}.Release|Any CPU.ActiveCfg = Release|Any CPU
		{51A665CF-976A-4FD6-9192-253714ABC1FD}.Release|Any CPU.Build.0 = Release|Any CPU
	EndGlobalSection
	GlobalSection(SolutionProperties) = preSolution
		HideSolutionNode = FALSE
	EndGlobalSection
	GlobalSection(ExtensibilityGlobals) = postSolution
		SolutionGuid = {89B79502-55FF-4893-81AB-E8E44246480B}
	EndGlobalSection
EndGlobal
